
Microsoft Visual Studio Solution File, Format Version 12.00
# Visual Studio 15
VisualStudioVersion = 15.0.28010.2048
MinimumVisualStudioVersion = 10.0.40219.1
Project("{FAE04EC0-301F-11D3-BF4B-00C04F79EFBC}") = "Lab_1", "Lab\Lab_1.csproj", "{D6455CE7-758C-493D-8CCC-5246AEC3A128}"
EndProject
Project("{FAE04EC0-301F-11D3-BF4B-00C04F79EFBC}") = "Lab_2", "Lab_2\Lab_2.csproj", "{FA378F8D-CAEF-47FD-B783-6143E7931AA9}"
EndProject
Global
	GlobalSection(SolutionConfigurationPlatforms) = preSolution
		Debug|Any CPU = Debug|Any CPU
		Release|Any CPU = Release|Any CPU
	EndGlobalSection
	GlobalSection(ProjectConfigurationPlatforms) = postSolution
		{D6455CE7-758C-493D-8CCC-5246AEC3A128}.Debug|Any CPU.ActiveCfg = Debug|Any CPU
		{D6455CE7-758C-493D-8CCC-5246AEC3A128}.Debug|Any CPU.Build.0 = Debug|Any CPU
		{D6455CE7-758C-493D-8CCC-5246AEC3A128}.Release|Any CPU.ActiveCfg = Release|Any CPU
		{D6455CE7-758C-493D-8CCC-5246AEC3A128}.Release|Any CPU.Build.0 = Release|Any CPU
		{FA378F8D-CAEF-47FD-B783-6143E7931AA9}.Debug|Any CPU.ActiveCfg = Debug|Any CPU
		{FA378F8D-CAEF-47FD-B783-6143E7931AA9}.Debug|Any CPU.Build.0 = Debug|Any CPU
		{FA378F8D-CAEF-47FD-B783-6143E7931AA9}.Release|Any CPU.ActiveCfg = Release|Any CPU
		{FA378F8D-CAEF-47FD-B783-6143E7931AA9}.Release|Any CPU.Build.0 = Release|Any CPU
	EndGlobalSection
	GlobalSection(SolutionProperties) = preSolution
		HideSolutionNode = FALSE
	EndGlobalSection
	GlobalSection(ExtensibilityGlobals) = postSolution
		SolutionGuid = {FAF73D72-CE87-4E2F-AB9C-823073ABE9E8}
	EndGlobalSection
EndGlobal
